{
  "version": 4,
  "terraform_version": "1.5.6",
  "serial": 2,
  "lineage": "2b4354c5-8f47-6355-e5b6-6097d9eee931",
  "outputs": {
    "ip-address": {
      "value": "54.152.127.116",
      "type": "string"
    }
  },
  "resources": [
    {
      "mode": "managed",
      "type": "aws_lightsail_instance",
      "name": "light_sail_1",
      "provider": "provider[\"registry.terraform.io/hashicorp/aws\"]",
      "instances": [
        {
          "schema_version": 0,
          "attributes": {
            "add_on": [],
            "arn": "arn:aws:lightsail:us-east-1:540738452774:Instance/8bbef7f9-73f0-486d-a535-0a055ba47a16",
            "availability_zone": "us-east-1a",
            "blueprint_id": "amazon_linux_2",
            "bundle_id": "nano_1_0",
            "cpu_count": 1,
            "created_at": "2023-09-27T00:29:20Z",
            "id": "Edwige",
            "ip_address_type": "dualstack",
            "ipv6_address": "2600:1f18:5393:b600:22cc:1a53:65a3:3a5b",
            "ipv6_addresses": [
              "2600:1f18:5393:b600:22cc:1a53:65a3:3a5b"
            ],
            "is_static_ip": false,
            "key_pair_name": "LightsailDefaultKeyPair",
            "name": "Edwige",
            "private_ip_address": "172.26.14.161",
            "public_ip_address": "54.152.127.116",
            "ram_size": 0.5,
            "tags": null,
            "tags_all": {},
            "user_data": "sudo yum install -y httpd \u0026\u0026 sudo systemctl start httpd \u0026\u0026 sudo systemctl enable httpd \u0026\u0026 sudo echo '\u003ch1\u003eEdwige created this server using Terraform\u003c/h1\u003e' | sudo tee /var/www/html/index.html",
            "username": "ec2-user"
          },
          "sensitive_attributes": [],
          "private": "bnVsbA=="
        }
      ]
    }
  ],
  "check_results": null
}
